// !$*UTF8*$!
{
	archiveVersion = 1;
	classes = {
	};
	objectVersion = 46;
	objects = {

/* Begin PBXBuildFile section */
		813FB6171DD1C15800EB012B /* AppDelegate.swift in Sources */ = {isa = PBXBuildFile; fileRef = 813FB6161DD1C15800EB012B /* AppDelegate.swift */; };
		813FB6191DD1C15800EB012B /* ViewController.swift in Sources */ = {isa = PBXBuildFile; fileRef = 813FB6181DD1C15800EB012B /* ViewController.swift */; };
		813FB61C1DD1C15800EB012B /* Main.storyboard in Resources */ = {isa = PBXBuildFile; fileRef = 813FB61A1DD1C15800EB012B /* Main.storyboard */; };
		813FB61E1DD1C15800EB012B /* Assets.xcassets in Resources */ = {isa = PBXBuildFile; fileRef = 813FB61D1DD1C15800EB012B /* Assets.xcassets */; };
		813FB6211DD1C15800EB012B /* LaunchScreen.storyboard in Resources */ = {isa = PBXBuildFile; fileRef = 813FB61F1DD1C15800EB012B /* LaunchScreen.storyboard */; };
		813FB62A1DD1C2B200EB012B /* CTHelloworldView.swift in Sources */ = {isa = PBXBuildFile; fileRef = 813FB6291DD1C2B200EB012B /* CTHelloworldView.swift */; };
/* End PBXBuildFile section */

/* Begin PBXFileReference section */
		813FB6131DD1C15800EB012B /* LearnCoreText.app */ = {isa = PBXFileReference; explicitFileType = wrapper.application; includeInIndex = 0; path = LearnCoreText.app; sourceTree = BUILT_PRODUCTS_DIR; };
		813FB6161DD1C15800EB012B /* AppDelegate.swift */ = {isa = PBXFileReference; lastKnownFileType = sourcecode.swift; path = AppDelegate.swift; sourceTree = "<group>"; };
		813FB6181DD1C15800EB012B /* ViewController.swift */ = {isa = PBXFileReference; lastKnownFileType = sourcecode.swift; path = ViewController.swift; sourceTree = "<group>"; };
		813FB61B1DD1C15800EB012B /* Base */ = {isa = PBXFileReference; lastKnownFileType = file.storyboard; name = Base; path = Base.lproj/Main.storyboard; sourceTree = "<group>"; };
		813FB61D1DD1C15800EB012B /* Assets.xcassets */ = {isa = PBXFileReference; lastKnownFileType = folder.assetcatalog; path = Assets.xcassets; sourceTree = "<group>"; };
		813FB6201DD1C15800EB012B /* Base */ = {isa = PBXFileReference; lastKnownFileType = file.storyboard; name = Base; path = Base.lproj/LaunchScreen.storyboard; sourceTree = "<group>"; };
		813FB6221DD1C15800EB012B /* Info.plist */ = {isa = PBXFileReference; lastKnownFileType = text.plist.xml; path = Info.plist; sourceTree = "<group>"; };
		813FB6291DD1C2B200EB012B /* CTHelloworldView.swift */ = {isa = PBXFileReference; fileEncoding = 4; lastKnownFileType = sourcecode.swift; path = CTHelloworldView.swift; sourceTree = "<group>"; };
/* End PBXFileReference section */

/* Begin PBXFrameworksBuildPhase section */
		813FB6101DD1C15800EB012B /* Frameworks */ = {
			isa = PBXFrameworksBuildPhase;
			buildActionMask = 2147483647;
			files = (
			);
			runOnlyForDeploymentPostprocessing = 0;
		};
/* End PBXFrameworksBuildPhase section */

/* Begin PBXGroup section */
		813FB60A1DD1C15800EB012B = {
			isa = PBXGroup;
			children = (
				813FB6151DD1C15800EB012B /* LearnCoreText */,
				813FB6141DD1C15800EB012B /* Products */,
			);
			sourceTree = "<group>";
		};
		813FB6141DD1C15800EB012B /* Products */ = {
			isa = PBXGroup;
			children = (
				813FB6131DD1C15800EB012B /* LearnCoreText.app */,
			);
			name = Products;
			sourceTree = "<group>";
		};
		813FB6151DD1C15800EB012B /* LearnCoreText */ = {
			isa = PBXGroup;
			children = (
				813FB6281DD1C28000EB012B /* helloWorld */,
				813FB6161DD1C15800EB012B /* AppDelegate.swift */,
				813FB6181DD1C15800EB012B /* ViewController.swift */,
				813FB61A1DD1C15800EB012B /* Main.storyboard */,
				813FB61D1DD1C15800EB012B /* Assets.xcassets */,
				813FB61F1DD1C15800EB012B /* LaunchScreen.storyboard */,
				813FB6221DD1C15800EB012B /* Info.plist */,
			);
			path = LearnCoreText;
			sourceTree = "<group>";
		};
		813FB6281DD1C28000EB012B /* helloWorld */ = {
			isa = PBXGroup;
			children = (
				813FB6291DD1C2B200EB012B /* CTHelloworldView.swift */,
			);
			name = helloWorld;
			sourceTree = "<group>";
		};
/* End PBXGroup section */

/* Begin PBXNativeTarget section */
		813FB6121DD1C15800EB012B /* LearnCoreText */ = {
			isa = PBXNativeTarget;
			buildConfigurationList = 813FB6251DD1C15800EB012B /* Build configuration list for PBXNativeTarget "LearnCoreText" */;
			buildPhases = (
				813FB60F1DD1C15800EB012B /* Sources */,
				813FB6101DD1C15800EB012B /* Frameworks */,
				813FB6111DD1C15800EB012B /* Resources */,
			);
			buildRules = (
			);
			dependencies = (
			);
			name = LearnCoreText;
			productName = LearnCoreText;
			productReference = 813FB6131DD1C15800EB012B /* LearnCoreText.app */;
			productType = "com.apple.product-type.application";
		};
/* End PBXNativeTarget section */

/* Begin PBXProject section */
		813FB60B1DD1C15800EB012B /* Project object */ = {
			isa = PBXProject;
			attributes = {
				LastSwiftUpdateCheck = 0800;
				LastUpgradeCheck = 0800;
				ORGANIZATIONNAME = Ama;
				TargetAttributes = {
					813FB6121DD1C15800EB012B = {
						CreatedOnToolsVersion = 8.0;
						DevelopmentTeam = 6ZTMT7BFHK;
						ProvisioningStyle = Automatic;
					};
				};
			};
			buildConfigurationList = 813FB60E1DD1C15800EB012B /* Build configuration list for PBXProject "LearnCoreText" */;
			compatibilityVersion = "Xcode 3.2";
			developmentRegion = English;
			hasScannedForEncodings = 0;
			knownRegions = (
				en,
				Base,
			);
			mainGroup = 813FB60A1DD1C15800EB012B;
			productRefGroup = 813FB6141DD1C15800EB012B /* Products */;
			projectDirPath = "";
			projectRoot = "";
			targets = (
				813FB6121DD1C15800EB012B /* LearnCoreText */,
			);
		};
/* End PBXProject section */

/* Begin PBXResourcesBuildPhase section */
		813FB6111DD1C15800EB012B /* Resources */ = {
			isa = PBXResourcesBuildPhase;
			buildActionMask = 2147483647;
			files = (
				813FB6211DD1C15800EB012B /* LaunchScreen.storyboard in Resources */,
				813FB61E1DD1C15800EB012B /* Assets.xcassets in Resources */,
				813FB61C1DD1C15800EB012B /* Main.storyboard in Resources */,
			);
			runOnlyForDeploymentPostprocessing = 0;
		};
/* End PBXResourcesBuildPhase section */

/* Begin PBXSourcesBuildPhase section */
		813FB60F1DD1C15800EB012B /* Sources */ = {
			isa = PBXSourcesBuildPhase;
			buildActionMask = 2147483647;
			files = (
				813FB6191DD1C15800EB012B /* ViewController.swift in Sources */,
				813FB62A1DD1C2B200EB012B /* CTHelloworldView.swift in Sources */,
				813FB6171DD1C15800EB012B /* AppDelegate.swift in Sources */,
			);
			runOnlyForDeploymentPostprocessing = 0;
		};
/* End PBXSourcesBuildPhase section */

/* Begin PBXVariantGroup section */
		813FB61A1DD1C15800EB012B /* Main.storyboard */ = {
			isa = PBXVariantGroup;
			children = (
				813FB61B1DD1C15800EB012B /* Base */,
			);
			name = Main.storyboard;
			sourceTree = "<group>";
		};
		813FB61F1DD1C15800EB012B /* LaunchScreen.storyboard */ = {
			isa = PBXVariantGroup;
			children = (
				813FB6201DD1C15800EB012B /* Base */,
			);
			name = LaunchScreen.storyboard;
			sourceTree = "<group>";
		};
/* End PBXVariantGroup section */

/* Begin XCBuildConfiguration section */
		813FB6231DD1C15800EB012B /* Debug */ = {
			isa = XCBuildConfiguration;
			buildSettings = {
				ALWAYS_SEARCH_USER_PATHS = NO;
				CLANG_ANALYZER_NONNULL = YES;
				CLANG_CXX_LANGUAGE_STANDARD = "gnu++0x";
				CLANG_CXX_LIBRARY = "libc++";
				CLANG_ENABLE_MODULES = YES;
				CLANG_ENABLE_OBJC_ARC = YES;
				CLANG_WARN_BOOL_CONVERSION = YES;
				CLANG_WARN_CONSTANT_CONVERSION = YES;
				CLANG_WARN_DIRECT_OBJC_ISA_USAGE = YES_ERROR;
				CLANG_WARN_DOCUMENTATION_COMMENTS = YES;
				CLANG_WARN_EMPTY_BODY = YES;
				CLANG_WARN_ENUM_CONVERSION = YES;
				CLANG_WARN_INFINITE_RECURSION = YES;
				CLANG_WARN_INT_CONVERSION = YES;
				CLANG_WARN_OBJC_ROOT_CLASS = YES_ERROR;
				CLANG_WARN_SUSPICIOUS_MOVES = YES;
				CLANG_WARN_UNREACHABLE_CODE = YES;
				CLANG_WARN__DUPLICATE_METHOD_MATCH = YES;
				"CODE_SIGN_IDENTITY[sdk=iphoneos*]" = "iPhone Developer";
				COPY_PHASE_STRIP = NO;
				DEBUG_INFORMATION_FORMAT = dwarf;
				ENABLE_STRICT_OBJC_MSGSEND = YES;
				ENABLE_TESTABILITY = YES;
				GCC_C_LANGUAGE_STANDARD = gnu99;
				GCC_DYNAMIC_NO_PIC = NO;
				GCC_NO_COMMON_BLOCKS = YES;
				GCC_OPTIMIZATION_LEVEL = 0;
				GCC_PREPROCESSOR_DEFINITIONS = (
					"DEBUG=1",
					"$(inherited)",
				);
				GCC_WARN_64_TO_32_BIT_CONVERSION = YES;
				GCC_WARN_ABOUT_RETURN_TYPE = YES_ERROR;
				GCC_WARN_UNDECLARED_SELECTOR = YES;
				GCC_WARN_UNINITIALIZED_AUTOS = YES_AGGRESSIVE;
				GCC_WARN_UNUSED_FUNCTION = YES;
				GCC_WARN_UNUSED_VARIABLE = YES;
				IPHONEOS_DEPLOYMENT_TARGET = 10.0;
				MTL_ENABLE_DEBUG_INFO = YES;
				ONLY_ACTIVE_ARCH = YES;
				SDKROOT = iphoneos;
				SWIFT_ACTIVE_COMPILATION_CONDITIONS = DEBUG;
				SWIFT_OPTIMIZATION_LEVEL = "-Onone";
			};
			name = Debug;
		};
		813FB6241DD1C15800EB012B /* Release */ = {
			isa = XCBuildConfiguration;
			buildSettings = {
				ALWAYS_SEARCH_USER_PATHS = NO;
				CLANG_ANALYZER_NONNULL = YES;
				CLANG_CXX_LANGUAGE_STANDARD = "gnu++0x";
				CLANG_CXX_LIBRARY = "libc++";
				CLANG_ENABLE_MODULES = YES;
				CLANG_ENABLE_OBJC_ARC = YES;
				CLANG_WARN_BOOL_CONVERSION = YES;
				CLANG_WARN_CONSTANT_CONVERSION = YES;
				CLANG_WARN_DIRECT_OBJC_ISA_USAGE = YES_ERROR;
				CLANG_WARN_DOCUMENTATION_COMMENTS = YES;
				CLANG_WARN_EMPTY_BODY = YES;
				CLANG_WARN_ENUM_CONVERSION = YES;
				CLANG_WARN_INFINITE_RECURSION = YES;
				CLANG_WARN_INT_CONVERSION = YES;
				CLANG_WARN_OBJC_ROOT_CLASS = YES_ERROR;
				CLANG_WARN_SUSPICIOUS_MOVES = YES;
				CLANG_WARN_UNREACHABLE_CODE = YES;
				CLANG_WARN__DUPLICATE_METHOD_MATCH = YES;
				"CODE_SIGN_IDENTITY[sdk=iphoneos*]" = "iPhone Developer";
				COPY_PHASE_STRIP = NO;
				DEBUG_INFORMATION_FORMAT = "dwarf-with-dsym";
				ENABLE_NS_ASSERTIONS = NO;
				ENABLE_STRICT_OBJC_MSGSEND = YES;
				GCC_C_LANGUAGE_STANDARD = gnu99;
				GCC_NO_COMMON_BLOCKS = YES;
				GCC_WARN_64_TO_32_BIT_CONVERSION = YES;
				GCC_WARN_ABOUT_RETURN_TYPE = YES_ERROR;
				GCC_WARN_UNDECLARED_SELECTOR = YES;
				GCC_WARN_UNINITIALIZED_AUTOS = YES_AGGRESSIVE;
				GCC_WARN_UNUSED_FUNCTION = YES;
				GCC_WARN_UNUSED_VARIABLE = YES;
				IPHONEOS_DEPLOYMENT_TARGET = 10.0;
				MTL_ENABLE_DEBUG_INFO = NO;
				SDKROOT = iphoneos;
				SWIFT_OPTIMIZATION_LEVEL = "-Owholemodule";
				VALIDATE_PRODUCT = YES;
			};
			name = Release;
		};
		813FB6261DD1C15800EB012B /* Debug */ = {
			isa = XCBuildConfiguration;
			buildSettings = {
				ASSETCATALOG_COMPILER_APPICON_NAME = AppIcon;
				DEVELOPMENT_TEAM = 6ZTMT7BFHK;
				INFOPLIST_FILE = LearnCoreText/Info.plist;
				LD_RUNPATH_SEARCH_PATHS = "$(inherited) @executable_path/Frameworks";
				PRODUCT_BUNDLE_IDENTIFIER = Ama.LearnCoreText;
				PRODUCT_NAME = "$(TARGET_NAME)";
				SWIFT_VERSION = 3.0;
			};
			name = Debug;
		};
		813FB6271DD1C15800EB012B /* Release */ = {
			isa = XCBuildConfiguration;
			buildSettings = {
				ASSETCATALOG_COMPILER_APPICON_NAME = AppIcon;
				DEVELOPMENT_TEAM = 6ZTMT7BFHK;
				INFOPLIST_FILE = LearnCoreText/Info.plist;
				LD_RUNPATH_SEARCH_PATHS = "$(inherited) @executable_path/Frameworks";
				PRODUCT_BUNDLE_IDENTIFIER = Ama.LearnCoreText;
				PRODUCT_NAME = "$(TARGET_NAME)";
				SWIFT_VERSION = 3.0;
			};
			name = Release;
		};
/* End XCBuildConfiguration section */

/* Begin XCConfigurationList section */
		813FB60E1DD1C15800EB012B /* Build configuration list for PBXProject "LearnCoreText" */ = {
			isa = XCConfigurationList;
			buildConfigurations = (
				813FB6231DD1C15800EB012B /* Debug */,
				813FB6241DD1C15800EB012B /* Release */,
			);
			defaultConfigurationIsVisible = 0;
			defaultConfigurationName = Release;
		};
		813FB6251DD1C15800EB012B /* Build configuration list for PBXNativeTarget "LearnCoreText" */ = {
			isa = XCConfigurationList;
			buildConfigurations = (
				813FB6261DD1C15800EB012B /* Debug */,
				813FB6271DD1C15800EB012B /* Release */,
			);
			defaultConfigurationIsVisible = 0;
		};
/* End XCConfigurationList section */
	};
	rootObject = 813FB60B1DD1C15800EB012B /* Project object */;
}
